version = 1
revision = 2
requires-python = ">=3.12"

[[package]]
name = "arud-skill"
version = "1.0.0"
source = { editable = "." }
dependencies = [
    { name = "pyarud" },
]

[package.optional-dependencies]
dev = [
    { name = "pytest" },
]

[package.metadata]
requires-dist = [
    { name = "pyarud", specifier = ">=1.0.0" },
    { name = "pytest", marker = "extra == 'dev'", specifier = ">=8.0.0" },
]
provides-extras = ["dev"]

[[package]]
name = "colorama"
version = "0.4.6"
source = { registry = "http://airlock-proxy.uplink.goog:999/python/artifact-foundry-prod/ah-3p-staging-python/simple" }
sdist = { url = "http://airlock-proxy.uplink.goog:999/python/artifact-foundry-prod/ah-3p-staging-python/colorama/colorama-0.4.6.tar.gz", hash = "sha256:08695f5cb7ed6e0531a20572697297273c47b8cae5a63ffc6d6ed5c201be6e44" }
wheels = [
    { url = "http://airlock-proxy.uplink.goog:999/python/artifact-foundry-prod/ah-3p-staging-python/colorama/colorama-0.4.6-py2.py3-none-any.whl", hash = "sha256:4f1d9991f5acc0ca119f9d443620b77f9d6b33703e51011c16baf57afb285fc6" },
]

[[package]]
name = "iniconfig"
version = "2.3.0"
source = { registry = "http://airlock-proxy.uplink.goog:999/python/artifact-foundry-prod/ah-3p-staging-python/simple" }
sdist = { url = "http://airlock-proxy.uplink.goog:999/python/artifact-foundry-prod/ah-3p-staging-python/iniconfig/iniconfig-2.3.0.tar.gz", hash = "sha256:c76315c77db068650d49c5b56314774a7804df16fee4402c1f19d6d15d8c4730" }
wheels = [
    { url = "http://airlock-proxy.uplink.goog:999/python/artifact-foundry-prod/ah-3p-staging-python/iniconfig/iniconfig-2.3.0-py3-none-any.whl", hash = "sha256:f631c04d2c48c52b84d0d0549c99ff3859c98df65b3101406327ecc7d53fbf12" },
]

[[package]]
name = "packaging"
version = "26.3"
source = { registry = "http://airlock-proxy.uplink.goog:999/python/artifact-foundry-prod/ah-3p-staging-python/simple" }
sdist = { url = "http://airlock-proxy.uplink.goog:999/python/artifact-foundry-prod/ah-3p-staging-python/packaging/packaging-26.3.tar.gz", hash = "sha256:94edc256424af38762eb31306eed28beb9f0efc50a8837492c9d6fd6004aed79" }
wheels = [
    { url = "http://airlock-proxy.uplink.goog:999/python/artifact-foundry-prod/ah-3p-staging-python/packaging/packaging-26.3-py3-none-any.whl", hash = "sha256:d7193f7c8e4e93f444fde0262bf90af30e16fa0ad0ad44cb553c87339b23cd1c" },
]

[[package]]
name = "pluggy"
version = "1.6.0"
source = { registry = "http://airlock-proxy.uplink.goog:999/python/artifact-foundry-prod/ah-3p-staging-python/simple" }
sdist = { url = "http://airlock-proxy.uplink.goog:999/python/artifact-foundry-prod/ah-3p-staging-python/pluggy/pluggy-1.6.0.tar.gz", hash = "sha256:7dcc130b76258d33b90f61b658791dede3486c3e6bfb003ee5c9bfb396dd22f3" }
wheels = [
    { url = "http://airlock-proxy.uplink.goog:999/python/artifact-foundry-prod/ah-3p-staging-python/pluggy/pluggy-1.6.0-py3-none-any.whl", hash = "sha256:e920276dd6813095e9377c0bc5566d94c932c33b27a3e3945d8389c374dd4746" },
]

[[package]]
name = "pyarud"
version = "1.0.0"
source = { registry = "http://airlock-proxy.uplink.goog:999/python/artifact-foundry-prod/ah-3p-staging-python/simple" }
sdist = { url = "http://airlock-proxy.uplink.goog:999/python/artifact-foundry-prod/ah-3p-staging-python/pyarud/pyarud-1.0.0.tar.gz", hash = "sha256:0a12c8f81003fb0b43e59803886a9d5d5c7b95b006005220836a5602958038c2" }
wheels = [
    { url = "http://airlock-proxy.uplink.goog:999/python/artifact-foundry-prod/ah-3p-staging-python/pyarud/pyarud-1.0.0-py3-none-any.whl", hash = "sha256:03d5fb11850065fe5a5eb4b5b6fe6a63102975f902b7c9273f606151591e832e" },
]

[[package]]
name = "pygments"
version = "2.21.0"
source = { registry = "http://airlock-proxy.uplink.goog:999/python/artifact-foundry-prod/ah-3p-staging-python/simple" }
sdist = { url = "http://airlock-proxy.uplink.goog:999/python/artifact-foundry-prod/ah-3p-staging-python/pygments/pygments-2.21.0.tar.gz", hash = "sha256:610ca751c9bc2492b38eb9a38a7fbc93edbbb2d7182edaf34e66ae493dee5c8c" }
wheels = [
    { url = "http://airlock-proxy.uplink.goog:999/python/artifact-foundry-prod/ah-3p-staging-python/pygments/pygments-2.21.0-py3-none-any.whl", hash = "sha256:2363c69b61c4a97c838da3b130dcd6468f4848992b21a82f2a63ec34377137d9" },
]

[[package]]
name = "pytest"
version = "9.1.1"
source = { registry = "http://airlock-proxy.uplink.goog:999/python/artifact-foundry-prod/ah-3p-staging-python/simple" }
dependencies = [
    { name = "colorama", marker = "sys_platform == 'win32'" },
    { name = "iniconfig" },
    { name = "packaging" },
    { name = "pluggy" },
    { name = "pygments" },
]
sdist = { url = "http://airlock-proxy.uplink.goog:999/python/artifact-foundry-prod/ah-3p-staging-python/pytest/pytest-9.1.1.tar.gz", hash = "sha256:1088fbde8f2b49d95a549a195707afa7a76a3ce9bcadc26b6d71f0ffda5fe313" }
wheels = [
    { url = "http://airlock-proxy.uplink.goog:999/python/artifact-foundry-prod/ah-3p-staging-python/pytest/pytest-9.1.1-py3-none-any.whl", hash = "sha256:37a86b45efb9a47a61a36449063e8e18d0cab3161329fc099eb21783169c4f0c" },
]
